# This file was autogenerated by Stack.
# You should not edit this file by hand.
# For more information, please see the documentation at:
#   https://docs.haskellstack.org/en/stable/lock_files

packages:
- completed:
    commit: ab484e2b990bd4c176860b85d9ff1df2bae06b5a
    git: https://github.com/BartMassey/wave.git
    name: WAVE
    pantry-tree:
      sha256: 2a13755315268827069eeed14de30031984798857981dbe60a30e26d04c7b1e0
      size: 354
    version: 0.1.4
  original:
    commit: ab484e2b990bd4c176860b85d9ff1df2bae06b5a
    git: https://github.com/BartMassey/wave.git
snapshots:
- completed:
    sha256: bd34dcded0f9d502275871b7bcd9bbe356bf060276bc6b62fb9e8a225589c74c
    size: 639151
    url: https://raw.githubusercontent.com/commercialhaskell/stackage-snapshots/master/lts/21/2.yaml
  original:
    url: https://raw.githubusercontent.com/commercialhaskell/stackage-snapshots/master/lts/21/2.yaml
